// !$*UTF8*$!
{
	archiveVersion = 1;
	classes = {
	};
	objectVersion = 46;
	objects = {

/* Begin PBXBuildFile section */
		805A9F941B0FB4DB00A5E868 /* AppDelegate.swift in Sources */ = {isa = PBXBuildFile; fileRef = 805A9F931B0FB4DB00A5E868 /* AppDelegate.swift */; };
		805A9F961B0FB4DB00A5E868 /* ViewController.swift in Sources */ = {isa = PBXBuildFile; fileRef = 805A9F951B0FB4DB00A5E868 /* ViewController.swift */; };
		805A9F991B0FB4DB00A5E868 /* Main.storyboard in Resources */ = {isa = PBXBuildFile; fileRef = 805A9F971B0FB4DB00A5E868 /* Main.storyboard */; };
		805A9F9B1B0FB4DB00A5E868 /* Images.xcassets in Resources */ = {isa = PBXBuildFile; fileRef = 805A9F9A1B0FB4DB00A5E868 /* Images.xcassets */; };
		805A9F9E1B0FB4DB00A5E868 /* LaunchScreen.xib in Resources */ = {isa = PBXBuildFile; fileRef = 805A9F9C1B0FB4DB00A5E868 /* LaunchScreen.xib */; };
		805A9FAA1B0FB4DB00A5E868 /* ImageViewTestTests.swift in Sources */ = {isa = PBXBuildFile; fileRef = 805A9FA91B0FB4DB00A5E868 /* ImageViewTestTests.swift */; };
/* End PBXBuildFile section */

/* Begin PBXContainerItemProxy section */
		805A9FA41B0FB4DB00A5E868 /* PBXContainerItemProxy */ = {
			isa = PBXContainerItemProxy;
			containerPortal = 805A9F861B0FB4DB00A5E868 /* Project object */;
			proxyType = 1;
			remoteGlobalIDString = 805A9F8D1B0FB4DB00A5E868;
			remoteInfo = ImageViewTest;
		};
/* End PBXContainerItemProxy section */

/* Begin PBXFileReference section */
		805A9F8E1B0FB4DB00A5E868 /* ImageViewTest.app */ = {isa = PBXFileReference; explicitFileType = wrapper.application; includeInIndex = 0; path = ImageViewTest.app; sourceTree = BUILT_PRODUCTS_DIR; };
		805A9F921B0FB4DB00A5E868 /* Info.plist */ = {isa = PBXFileReference; lastKnownFileType = text.plist.xml; path = Info.plist; sourceTree = "<group>"; };
		805A9F931B0FB4DB00A5E868 /* AppDelegate.swift */ = {isa = PBXFileReference; lastKnownFileType = sourcecode.swift; path = AppDelegate.swift; sourceTree = "<group>"; };
		805A9F951B0FB4DB00A5E868 /* ViewController.swift */ = {isa = PBXFileReference; lastKnownFileType = sourcecode.swift; path = ViewController.swift; sourceTree = "<group>"; };
		805A9F981B0FB4DB00A5E868 /* Base */ = {isa = PBXFileReference; lastKnownFileType = file.storyboard; name = Base; path = Base.lproj/Main.storyboard; sourceTree = "<group>"; };
		805A9F9A1B0FB4DB00A5E868 /* Images.xcassets */ = {isa = PBXFileReference; lastKnownFileType = folder.assetcatalog; path = Images.xcassets; sourceTree = "<group>"; };
		805A9F9D1B0FB4DB00A5E868 /* Base */ = {isa = PBXFileReference; lastKnownFileType = file.xib; name = Base; path = Base.lproj/LaunchScreen.xib; sourceTree = "<group>"; };
		805A9FA31B0FB4DB00A5E868 /* ImageViewTestTests.xctest */ = {isa = PBXFileReference; explicitFileType = wrapper.cfbundle; includeInIndex = 0; path = ImageViewTestTests.xctest; sourceTree = BUILT_PRODUCTS_DIR; };
		805A9FA81B0FB4DB00A5E868 /* Info.plist */ = {isa = PBXFileReference; lastKnownFileType = text.plist.xml; path = Info.plist; sourceTree = "<group>"; };
		805A9FA91B0FB4DB00A5E868 /* ImageViewTestTests.swift */ = {isa = PBXFileReference; lastKnownFileType = sourcecode.swift; path = ImageViewTestTests.swift; sourceTree = "<group>"; };
/* End PBXFileReference section */

/* Begin PBXFrameworksBuildPhase section */
		805A9F8B1B0FB4DB00A5E868 /* Frameworks */ = {
			isa = PBXFrameworksBuildPhase;
			buildActionMask = 2147483647;
			files = (
			);
			runOnlyForDeploymentPostprocessing = 0;
		};
		805A9FA01B0FB4DB00A5E868 /* Frameworks */ = {
			isa = PBXFrameworksBuildPhase;
			buildActionMask = 2147483647;
			files = (
			);
			runOnlyForDeploymentPostprocessing = 0;
		};
/* End PBXFrameworksBuildPhase section */

/* Begin PBXGroup section */
		805A9F851B0FB4DB00A5E868 = {
			isa = PBXGroup;
			children = (
				805A9F901B0FB4DB00A5E868 /* ImageViewTest */,
				805A9FA61B0FB4DB00A5E868 /* ImageViewTestTests */,
				805A9F8F1B0FB4DB00A5E868 /* Products */,
			);
			sourceTree = "<group>";
		};
		805A9F8F1B0FB4DB00A5E868 /* Products */ = {
			isa = PBXGroup;
			children = (
				805A9F8E1B0FB4DB00A5E868 /* ImageViewTest.app */,
				805A9FA31B0FB4DB00A5E868 /* ImageViewTestTests.xctest */,
			);
			name = Products;
			sourceTree = "<group>";
		};
		805A9F901B0FB4DB00A5E868 /* ImageViewTest */ = {
			isa = PBXGroup;
			children = (
				805A9F931B0FB4DB00A5E868 /* AppDelegate.swift */,
				805A9F951B0FB4DB00A5E868 /* ViewController.swift */,
				805A9F971B0FB4DB00A5E868 /* Main.storyboard */,
				805A9F9A1B0FB4DB00A5E868 /* Images.xcassets */,
				805A9F9C1B0FB4DB00A5E868 /* LaunchScreen.xib */,
				805A9F911B0FB4DB00A5E868 /* Supporting Files */,
			);
			path = ImageViewTest;
			sourceTree = "<group>";
		};
		805A9F911B0FB4DB00A5E868 /* Supporting Files */ = {
			isa = PBXGroup;
			children = (
				805A9F921B0FB4DB00A5E868 /* Info.plist */,
			);
			name = "Supporting Files";
			sourceTree = "<group>";
		};
		805A9FA61B0FB4DB00A5E868 /* ImageViewTestTests */ = {
			isa = PBXGroup;
			children = (
				805A9FA91B0FB4DB00A5E868 /* ImageViewTestTests.swift */,
				805A9FA71B0FB4DB00A5E868 /* Supporting Files */,
			);
			path = ImageViewTestTests;
			sourceTree = "<group>";
		};
		805A9FA71B0FB4DB00A5E868 /* Supporting Files */ = {
			isa = PBXGroup;
			children = (
				805A9FA81B0FB4DB00A5E868 /* Info.plist */,
			);
			name = "Supporting Files";
			sourceTree = "<group>";
		};
/* End PBXGroup section */

/* Begin PBXNativeTarget section */
		805A9F8D1B0FB4DB00A5E868 /* ImageViewTest */ = {
			isa = PBXNativeTarget;
			buildConfigurationList = 805A9FAD1B0FB4DB00A5E868 /* Build configuration list for PBXNativeTarget "ImageViewTest" */;
			buildPhases = (
				805A9F8A1B0FB4DB00A5E868 /* Sources */,
				805A9F8B1B0FB4DB00A5E868 /* Frameworks */,
				805A9F8C1B0FB4DB00A5E868 /* Resources */,
			);
			buildRules = (
			);
			dependencies = (
			);
			name = ImageViewTest;
			productName = ImageViewTest;
			productReference = 805A9F8E1B0FB4DB00A5E868 /* ImageViewTest.app */;
			productType = "com.apple.product-type.application";
		};
		805A9FA21B0FB4DB00A5E868 /* ImageViewTestTests */ = {
			isa = PBXNativeTarget;
			buildConfigurationList = 805A9FB01B0FB4DB00A5E868 /* Build configuration list for PBXNativeTarget "ImageViewTestTests" */;
			buildPhases = (
				805A9F9F1B0FB4DB00A5E868 /* Sources */,
				805A9FA01B0FB4DB00A5E868 /* Frameworks */,
				805A9FA11B0FB4DB00A5E868 /* Resources */,
			);
			buildRules = (
			);
			dependencies = (
				805A9FA51B0FB4DB00A5E868 /* PBXTargetDependency */,
			);
			name = ImageViewTestTests;
			productName = ImageViewTestTests;
			productReference = 805A9FA31B0FB4DB00A5E868 /* ImageViewTestTests.xctest */;
			productType = "com.apple.product-type.bundle.unit-test";
		};
/* End PBXNativeTarget section */

/* Begin PBXProject section */
		805A9F861B0FB4DB00A5E868 /* Project object */ = {
			isa = PBXProject;
			attributes = {
				LastUpgradeCheck = 0630;
				ORGANIZATIONNAME = "Vinicius Fugulin Barbosa";
				TargetAttributes = {
					805A9F8D1B0FB4DB00A5E868 = {
						CreatedOnToolsVersion = 6.3.2;
					};
					805A9FA21B0FB4DB00A5E868 = {
						CreatedOnToolsVersion = 6.3.2;
						TestTargetID = 805A9F8D1B0FB4DB00A5E868;
					};
				};
			};
			buildConfigurationList = 805A9F891B0FB4DB00A5E868 /* Build configuration list for PBXProject "ImageViewTest" */;
			compatibilityVersion = "Xcode 3.2";
			developmentRegion = English;
			hasScannedForEncodings = 0;
			knownRegions = (
				en,
				Base,
			);
			mainGroup = 805A9F851B0FB4DB00A5E868;
			productRefGroup = 805A9F8F1B0FB4DB00A5E868 /* Products */;
			projectDirPath = "";
			projectRoot = "";
			targets = (
				805A9F8D1B0FB4DB00A5E868 /* ImageViewTest */,
				805A9FA21B0FB4DB00A5E868 /* ImageViewTestTests */,
			);
		};
/* End PBXProject section */

/* Begin PBXResourcesBuildPhase section */
		805A9F8C1B0FB4DB00A5E868 /* Resources */ = {
			isa = PBXResourcesBuildPhase;
			buildActionMask = 2147483647;
			files = (
				805A9F991B0FB4DB00A5E868 /* Main.storyboard in Resources */,
				805A9F9E1B0FB4DB00A5E868 /* LaunchScreen.xib in Resources */,
				805A9F9B1B0FB4DB00A5E868 /* Images.xcassets in Resources */,
			);
			runOnlyForDeploymentPostprocessing = 0;
		};
		805A9FA11B0FB4DB00A5E868 /* Resources */ = {
			isa = PBXResourcesBuildPhase;
			buildActionMask = 2147483647;
			files = (
			);
			runOnlyForDeploymentPostprocessing = 0;
		};
/* End PBXResourcesBuildPhase section */

/* Begin PBXSourcesBuildPhase section */
		805A9F8A1B0FB4DB00A5E868 /* Sources */ = {
			isa = PBXSourcesBuildPhase;
			buildActionMask = 2147483647;
			files = (
				805A9F961B0FB4DB00A5E868 /* ViewController.swift in Sources */,
				805A9F941B0FB4DB00A5E868 /* AppDelegate.swift in Sources */,
			);
			runOnlyForDeploymentPostprocessing = 0;
		};
		805A9F9F1B0FB4DB00A5E868 /* Sources */ = {
			isa = PBXSourcesBuildPhase;
			buildActionMask = 2147483647;
			files = (
				805A9FAA1B0FB4DB00A5E868 /* ImageViewTestTests.swift in Sources */,
			);
			runOnlyForDeploymentPostprocessing = 0;
		};
/* End PBXSourcesBuildPhase section */

/* Begin PBXTargetDependency section */
		805A9FA51B0FB4DB00A5E868 /* PBXTargetDependency */ = {
			isa = PBXTargetDependency;
			target = 805A9F8D1B0FB4DB00A5E868 /* ImageViewTest */;
			targetProxy = 805A9FA41B0FB4DB00A5E868 /* PBXContainerItemProxy */;
		};
/* End PBXTargetDependency section */

/* Begin PBXVariantGroup section */
		805A9F971B0FB4DB00A5E868 /* Main.storyboard */ = {
			isa = PBXVariantGroup;
			children = (
				805A9F981B0FB4DB00A5E868 /* Base */,
			);
			name = Main.storyboard;
			sourceTree = "<group>";
		};
		805A9F9C1B0FB4DB00A5E868 /* LaunchScreen.xib */ = {
			isa = PBXVariantGroup;
			children = (
				805A9F9D1B0FB4DB00A5E868 /* Base */,
			);
			name = LaunchScreen.xib;
			sourceTree = "<group>";
		};
/* End PBXVariantGroup section */

/* Begin XCBuildConfiguration section */
		805A9FAB1B0FB4DB00A5E868 /* Debug */ = {
			isa = XCBuildConfiguration;
			buildSettings = {
				ALWAYS_SEARCH_USER_PATHS = NO;
				CLANG_CXX_LANGUAGE_STANDARD = "gnu++0x";
				CLANG_CXX_LIBRARY = "libc++";
				CLANG_ENABLE_MODULES = YES;
				CLANG_ENABLE_OBJC_ARC = YES;
				CLANG_WARN_BOOL_CONVERSION = YES;
				CLANG_WARN_CONSTANT_CONVERSION = YES;
				CLANG_WARN_DIRECT_OBJC_ISA_USAGE = YES_ERROR;
				CLANG_WARN_EMPTY_BODY = YES;
				CLANG_WARN_ENUM_CONVERSION = YES;
				CLANG_WARN_INT_CONVERSION = YES;
				CLANG_WARN_OBJC_ROOT_CLASS = YES_ERROR;
				CLANG_WARN_UNREACHABLE_CODE = YES;
				CLANG_WARN__DUPLICATE_METHOD_MATCH = YES;
				"CODE_SIGN_IDENTITY[sdk=iphoneos*]" = "iPhone Developer";
				COPY_PHASE_STRIP = NO;
				DEBUG_INFORMATION_FORMAT = "dwarf-with-dsym";
				ENABLE_STRICT_OBJC_MSGSEND = YES;
				GCC_C_LANGUAGE_STANDARD = gnu99;
				GCC_DYNAMIC_NO_PIC = NO;
				GCC_NO_COMMON_BLOCKS = YES;
				GCC_OPTIMIZATION_LEVEL = 0;
				GCC_PREPROCESSOR_DEFINITIONS = (
					"DEBUG=1",
					"$(inherited)",
				);
				GCC_SYMBOLS_PRIVATE_EXTERN = NO;
				GCC_WARN_64_TO_32_BIT_CONVERSION = YES;
				GCC_WARN_ABOUT_RETURN_TYPE = YES_ERROR;
				GCC_WARN_UNDECLARED_SELECTOR = YES;
				GCC_WARN_UNINITIALIZED_AUTOS = YES_AGGRESSIVE;
				GCC_WARN_UNUSED_FUNCTION = YES;
				GCC_WARN_UNUSED_VARIABLE = YES;
				IPHONEOS_DEPLOYMENT_TARGET = 8.3;
				MTL_ENABLE_DEBUG_INFO = YES;
				ONLY_ACTIVE_ARCH = YES;
				SDKROOT = iphoneos;
				SWIFT_OPTIMIZATION_LEVEL = "-Onone";
			};
			name = Debug;
		};
		805A9FAC1B0FB4DB00A5E868 /* Release */ = {
			isa = XCBuildConfiguration;
			buildSettings = {
				ALWAYS_SEARCH_USER_PATHS = NO;
				CLANG_CXX_LANGUAGE_STANDARD = "gnu++0x";
				CLANG_CXX_LIBRARY = "libc++";
				CLANG_ENABLE_MODULES = YES;
				CLANG_ENABLE_OBJC_ARC = YES;
				CLANG_WARN_BOOL_CONVERSION = YES;
				CLANG_WARN_CONSTANT_CONVERSION = YES;
				CLANG_WARN_DIRECT_OBJC_ISA_USAGE = YES_ERROR;
				CLANG_WARN_EMPTY_BODY = YES;
				CLANG_WARN_ENUM_CONVERSION = YES;
				CLANG_WARN_INT_CONVERSION = YES;
				CLANG_WARN_OBJC_ROOT_CLASS = YES_ERROR;
				CLANG_WARN_UNREACHABLE_CODE = YES;
				CLANG_WARN__DUPLICATE_METHOD_MATCH = YES;
				"CODE_SIGN_IDENTITY[sdk=iphoneos*]" = "iPhone Developer";
				COPY_PHASE_STRIP = NO;
				DEBUG_INFORMATION_FORMAT = "dwarf-with-dsym";
				ENABLE_NS_ASSERTIONS = NO;
				ENABLE_STRICT_OBJC_MSGSEND = YES;
				GCC_C_LANGUAGE_STANDARD = gnu99;
				GCC_NO_COMMON_BLOCKS = YES;
				GCC_WARN_64_TO_32_BIT_CONVERSION = YES;
				GCC_WARN_ABOUT_RETURN_TYPE = YES_ERROR;
				GCC_WARN_UNDECLARED_SELECTOR = YES;
				GCC_WARN_UNINITIALIZED_AUTOS = YES_AGGRESSIVE;
				GCC_WARN_UNUSED_FUNCTION = YES;
				GCC_WARN_UNUSED_VARIABLE = YES;
				IPHONEOS_DEPLOYMENT_TARGET = 8.3;
				MTL_ENABLE_DEBUG_INFO = NO;
				SDKROOT = iphoneos;
				VALIDATE_PRODUCT = YES;
			};
			name = Release;
		};
		805A9FAE1B0FB4DB00A5E868 /* Debug */ = {
			isa = XCBuildConfiguration;
			buildSettings = {
				ASSETCATALOG_COMPILER_APPICON_NAME = AppIcon;
				INFOPLIST_FILE = ImageViewTest/Info.plist;
				LD_RUNPATH_SEARCH_PATHS = "$(inherited) @executable_path/Frameworks";
				PRODUCT_NAME = "$(TARGET_NAME)";
			};
			name = Debug;
		};
		805A9FAF1B0FB4DB00A5E868 /* Release */ = {
			isa = XCBuildConfiguration;
			buildSettings = {
				ASSETCATALOG_COMPILER_APPICON_NAME = AppIcon;
				INFOPLIST_FILE = ImageViewTest/Info.plist;
				LD_RUNPATH_SEARCH_PATHS = "$(inherited) @executable_path/Frameworks";
				PRODUCT_NAME = "$(TARGET_NAME)";
			};
			name = Release;
		};
		805A9FB11B0FB4DB00A5E868 /* Debug */ = {
			isa = XCBuildConfiguration;
			buildSettings = {
				BUNDLE_LOADER = "$(TEST_HOST)";
				FRAMEWORK_SEARCH_PATHS = (
					"$(SDKROOT)/Developer/Library/Frameworks",
					"$(inherited)",
				);
				GCC_PREPROCESSOR_DEFINITIONS = (
					"DEBUG=1",
					"$(inherited)",
				);
				INFOPLIST_FILE = ImageViewTestTests/Info.plist;
				LD_RUNPATH_SEARCH_PATHS = "$(inherited) @executable_path/Frameworks @loader_path/Frameworks";
				PRODUCT_NAME = "$(TARGET_NAME)";
				TEST_HOST = "$(BUILT_PRODUCTS_DIR)/ImageViewTest.app/ImageViewTest";
			};
			name = Debug;
		};
		805A9FB21B0FB4DB00A5E868 /* Release */ = {
			isa = XCBuildConfiguration;
			buildSettings = {
				BUNDLE_LOADER = "$(TEST_HOST)";
				FRAMEWORK_SEARCH_PATHS = (
					"$(SDKROOT)/Developer/Library/Frameworks",
					"$(inherited)",
				);
				INFOPLIST_FILE = ImageViewTestTests/Info.plist;
				LD_RUNPATH_SEARCH_PATHS = "$(inherited) @executable_path/Frameworks @loader_path/Frameworks";
				PRODUCT_NAME = "$(TARGET_NAME)";
				TEST_HOST = "$(BUILT_PRODUCTS_DIR)/ImageViewTest.app/ImageViewTest";
			};
			name = Release;
		};
/* End XCBuildConfiguration section */

/* Begin XCConfigurationList section */
		805A9F891B0FB4DB00A5E868 /* Build configuration list for PBXProject "ImageViewTest" */ = {
			isa = XCConfigurationList;
			buildConfigurations = (
				805A9FAB1B0FB4DB00A5E868 /* Debug */,
				805A9FAC1B0FB4DB00A5E868 /* Release */,
			);
			defaultConfigurationIsVisible = 0;
			defaultConfigurationName = Release;
		};
		805A9FAD1B0FB4DB00A5E868 /* Build configuration list for PBXNativeTarget "ImageViewTest" */ = {
			isa = XCConfigurationList;
			buildConfigurations = (
				805A9FAE1B0FB4DB00A5E868 /* Debug */,
				805A9FAF1B0FB4DB00A5E868 /* Release */,
			);
			defaultConfigurationIsVisible = 0;
		};
		805A9FB01B0FB4DB00A5E868 /* Build configuration list for PBXNativeTarget "ImageViewTestTests" */ = {
			isa = XCConfigurationList;
			buildConfigurations = (
				805A9FB11B0FB4DB00A5E868 /* Debug */,
				805A9FB21B0FB4DB00A5E868 /* Release */,
			);
			defaultConfigurationIsVisible = 0;
		};
/* End XCConfigurationList section */
	};
	rootObject = 805A9F861B0FB4DB00A5E868 /* Project object */;
}
